
Microsoft Visual Studio Solution File, Format Version 12.00
# Visual Studio Version 17
VisualStudioVersion = 17.4.33213.308
MinimumVisualStudioVersion = 10.0.40219.1
Project("{FAE04EC0-301F-11D3-BF4B-00C04F79EFBC}") = "LAB_4_Csharp", "LAB_4_Csharp\LAB_4_Csharp.csproj", "{2CD6D556-7D3B-4672-A23E-A254F62F7422}"
EndProject
Global
	GlobalSection(SolutionConfigurationPlatforms) = preSolution
		Debug|Any CPU = Debug|Any CPU
		Release|Any CPU = Release|Any CPU
	EndGlobalSection
	GlobalSection(ProjectConfigurationPlatforms) = postSolution
		{2CD6D556-7D3B-4672-A23E-A254F62F7422}.Debug|Any CPU.ActiveCfg = Debug|Any CPU
		{2CD6D556-7D3B-4672-A23E-A254F62F7422}.Debug|Any CPU.Build.0 = Debug|Any CPU
		{2CD6D556-7D3B-4672-A23E-A254F62F7422}.Release|Any CPU.ActiveCfg = Release|Any CPU
		{2CD6D556-7D3B-4672-A23E-A254F62F7422}.Release|Any CPU.Build.0 = Release|Any CPU
	EndGlobalSection
	GlobalSection(SolutionProperties) = preSolution
		HideSolutionNode = FALSE
	EndGlobalSection
	GlobalSection(ExtensibilityGlobals) = postSolution
		SolutionGuid = {C12FEBD7-6E43-4F57-977D-08EAE3B90564}
	EndGlobalSection
EndGlobal
